// !$*UTF8*$!
{
	archiveVersion = 1;
	classes = {
	};
	objectVersion = 56;
	objects = {

/* Begin PBXBuildFile section */
		11CB9556AE24A5D7E7710478 /* Pods_TwitterClone.framework in Frameworks */ = {isa = PBXBuildFile; fileRef = A6C1DBEB97FC3F355B91272D /* Pods_TwitterClone.framework */; };
		4F8382722A5966B9002C10EA /* UploadTweetController.swift in Sources */ = {isa = PBXBuildFile; fileRef = 4F8382712A5966B9002C10EA /* UploadTweetController.swift */; };
		4F8382742A5974EC002C10EA /* CaptionTextView.swift in Sources */ = {isa = PBXBuildFile; fileRef = 4F8382732A5974EC002C10EA /* CaptionTextView.swift */; };
		4F8382762A5985E3002C10EA /* TweetService.swift in Sources */ = {isa = PBXBuildFile; fileRef = 4F8382752A5985E3002C10EA /* TweetService.swift */; };
		4F8382782A5CC6C4002C10EA /* Tweet.swift in Sources */ = {isa = PBXBuildFile; fileRef = 4F8382772A5CC6C4002C10EA /* Tweet.swift */; };
		4F83827A2A5CD41A002C10EA /* TweetCell.swift in Sources */ = {isa = PBXBuildFile; fileRef = 4F8382792A5CD41A002C10EA /* TweetCell.swift */; };
		4F83827C2A610CCF002C10EA /* TweetViewModel.swift in Sources */ = {isa = PBXBuildFile; fileRef = 4F83827B2A610CCF002C10EA /* TweetViewModel.swift */; };
		4F83827E2A6123B3002C10EA /* ProfileController.swift in Sources */ = {isa = PBXBuildFile; fileRef = 4F83827D2A6123B3002C10EA /* ProfileController.swift */; };
		4F8382802A612D16002C10EA /* ProfileHeader.swift in Sources */ = {isa = PBXBuildFile; fileRef = 4F83827F2A612D16002C10EA /* ProfileHeader.swift */; };
		4F94EC1D2A20FD7A00E9DED0 /* Utilities.swift in Sources */ = {isa = PBXBuildFile; fileRef = 4F94EC1C2A20FD7A00E9DED0 /* Utilities.swift */; };
		4FBE92672A564F5700C19F08 /* Constants.swift in Sources */ = {isa = PBXBuildFile; fileRef = 4FBE92662A564F5700C19F08 /* Constants.swift */; };
		4FBE92692A56793200C19F08 /* AuthService.swift in Sources */ = {isa = PBXBuildFile; fileRef = 4FBE92682A56793200C19F08 /* AuthService.swift */; };
		4FBE926B2A56B26900C19F08 /* UserService.swift in Sources */ = {isa = PBXBuildFile; fileRef = 4FBE926A2A56B26900C19F08 /* UserService.swift */; };
		4FBE926D2A580B9400C19F08 /* User.swift in Sources */ = {isa = PBXBuildFile; fileRef = 4FBE926C2A580B9400C19F08 /* User.swift */; };
		4FDD4EB12A1E7D3C00519B19 /* AppDelegate.swift in Sources */ = {isa = PBXBuildFile; fileRef = 4FDD4EB02A1E7D3C00519B19 /* AppDelegate.swift */; };
		4FDD4EB32A1E7D3C00519B19 /* SceneDelegate.swift in Sources */ = {isa = PBXBuildFile; fileRef = 4FDD4EB22A1E7D3C00519B19 /* SceneDelegate.swift */; };
		4FDD4EB82A1E7D3C00519B19 /* Main.storyboard in Resources */ = {isa = PBXBuildFile; fileRef = 4FDD4EB62A1E7D3C00519B19 /* Main.storyboard */; };
		4FDD4EBA2A1E7D3E00519B19 /* Assets.xcassets in Resources */ = {isa = PBXBuildFile; fileRef = 4FDD4EB92A1E7D3E00519B19 /* Assets.xcassets */; };
		4FDD4EBD2A1E7D3E00519B19 /* LaunchScreen.storyboard in Resources */ = {isa = PBXBuildFile; fileRef = 4FDD4EBB2A1E7D3E00519B19 /* LaunchScreen.storyboard */; };
		4FDD4EC82A1E7D3E00519B19 /* TwitterCloneTests.swift in Sources */ = {isa = PBXBuildFile; fileRef = 4FDD4EC72A1E7D3E00519B19 /* TwitterCloneTests.swift */; };
		4FDD4ED22A1E7D3E00519B19 /* TwitterCloneUITests.swift in Sources */ = {isa = PBXBuildFile; fileRef = 4FDD4ED12A1E7D3E00519B19 /* TwitterCloneUITests.swift */; };
		4FDD4ED42A1E7D3E00519B19 /* TwitterCloneUITestsLaunchTests.swift in Sources */ = {isa = PBXBuildFile; fileRef = 4FDD4ED32A1E7D3E00519B19 /* TwitterCloneUITestsLaunchTests.swift */; };
		4FDD4EE92A1E7E7600519B19 /* MainTabController.swift in Sources */ = {isa = PBXBuildFile; fileRef = 4FDD4EE82A1E7E7600519B19 /* MainTabController.swift */; };
		4FDD4EEB2A1E7FB900519B19 /* FeedController.swift in Sources */ = {isa = PBXBuildFile; fileRef = 4FDD4EEA2A1E7FB900519B19 /* FeedController.swift */; };
		4FDD4EED2A1E7FC600519B19 /* ExploreController.swift in Sources */ = {isa = PBXBuildFile; fileRef = 4FDD4EEC2A1E7FC600519B19 /* ExploreController.swift */; };
		4FDD4EEF2A1E7FD700519B19 /* NotificationsController.swift in Sources */ = {isa = PBXBuildFile; fileRef = 4FDD4EEE2A1E7FD700519B19 /* NotificationsController.swift */; };
		4FDD4EF12A1E7FE000519B19 /* ConversationsController.swift in Sources */ = {isa = PBXBuildFile; fileRef = 4FDD4EF02A1E7FE000519B19 /* ConversationsController.swift */; };
		4FDD4EF32A1F240D00519B19 /* Extensions.swift in Sources */ = {isa = PBXBuildFile; fileRef = 4FDD4EF22A1F240D00519B19 /* Extensions.swift */; };
		4FDD4EF62A1F2AE700519B19 /* LoginController.swift in Sources */ = {isa = PBXBuildFile; fileRef = 4FDD4EF52A1F2AE700519B19 /* LoginController.swift */; };
		4FDD4EF82A1F2B7A00519B19 /* RegistrationController.swift in Sources */ = {isa = PBXBuildFile; fileRef = 4FDD4EF72A1F2B7A00519B19 /* RegistrationController.swift */; };
		4FFC8AE72A38579800C0C5B4 /* GoogleService-Info.plist in Resources */ = {isa = PBXBuildFile; fileRef = 4FFC8AE62A38579800C0C5B4 /* GoogleService-Info.plist */; };
/* End PBXBuildFile section */

/* Begin PBXContainerItemProxy section */
		4FDD4EC42A1E7D3E00519B19 /* PBXContainerItemProxy */ = {
			isa = PBXContainerItemProxy;
			containerPortal = 4FDD4EA52A1E7D3C00519B19 /* Project object */;
			proxyType = 1;
			remoteGlobalIDString = 4FDD4EAC2A1E7D3C00519B19;
			remoteInfo = TwitterClone;
		};
		4FDD4ECE2A1E7D3E00519B19 /* PBXContainerItemProxy */ = {
			isa = PBXContainerItemProxy;
			containerPortal = 4FDD4EA52A1E7D3C00519B19 /* Project object */;
			proxyType = 1;
			remoteGlobalIDString = 4FDD4EAC2A1E7D3C00519B19;
			remoteInfo = TwitterClone;
		};
/* End PBXContainerItemProxy section */

/* Begin PBXFileReference section */
		4F8382712A5966B9002C10EA /* UploadTweetController.swift */ = {isa = PBXFileReference; lastKnownFileType = sourcecode.swift; path = UploadTweetController.swift; sourceTree = "<group>"; };
		4F8382732A5974EC002C10EA /* CaptionTextView.swift */ = {isa = PBXFileReference; lastKnownFileType = sourcecode.swift; path = CaptionTextView.swift; sourceTree = "<group>"; };
		4F8382752A5985E3002C10EA /* TweetService.swift */ = {isa = PBXFileReference; lastKnownFileType = sourcecode.swift; path = TweetService.swift; sourceTree = "<group>"; };
		4F8382772A5CC6C4002C10EA /* Tweet.swift */ = {isa = PBXFileReference; lastKnownFileType = sourcecode.swift; path = Tweet.swift; sourceTree = "<group>"; };
		4F8382792A5CD41A002C10EA /* TweetCell.swift */ = {isa = PBXFileReference; lastKnownFileType = sourcecode.swift; path = TweetCell.swift; sourceTree = "<group>"; };
		4F83827B2A610CCF002C10EA /* TweetViewModel.swift */ = {isa = PBXFileReference; lastKnownFileType = sourcecode.swift; path = TweetViewModel.swift; sourceTree = "<group>"; };
		4F83827D2A6123B3002C10EA /* ProfileController.swift */ = {isa = PBXFileReference; lastKnownFileType = sourcecode.swift; path = ProfileController.swift; sourceTree = "<group>"; };
		4F83827F2A612D16002C10EA /* ProfileHeader.swift */ = {isa = PBXFileReference; lastKnownFileType = sourcecode.swift; path = ProfileHeader.swift; sourceTree = "<group>"; };
		4F94EC1C2A20FD7A00E9DED0 /* Utilities.swift */ = {isa = PBXFileReference; lastKnownFileType = sourcecode.swift; path = Utilities.swift; sourceTree = "<group>"; };
		4FBE92662A564F5700C19F08 /* Constants.swift */ = {isa = PBXFileReference; lastKnownFileType = sourcecode.swift; path = Constants.swift; sourceTree = "<group>"; };
		4FBE92682A56793200C19F08 /* AuthService.swift */ = {isa = PBXFileReference; lastKnownFileType = sourcecode.swift; path = AuthService.swift; sourceTree = "<group>"; };
		4FBE926A2A56B26900C19F08 /* UserService.swift */ = {isa = PBXFileReference; lastKnownFileType = sourcecode.swift; path = UserService.swift; sourceTree = "<group>"; };
		4FBE926C2A580B9400C19F08 /* User.swift */ = {isa = PBXFileReference; lastKnownFileType = sourcecode.swift; path = User.swift; sourceTree = "<group>"; };
		4FDD4EAD2A1E7D3C00519B19 /* TwitterClone.app */ = {isa = PBXFileReference; explicitFileType = wrapper.application; includeInIndex = 0; path = TwitterClone.app; sourceTree = BUILT_PRODUCTS_DIR; };
		4FDD4EB02A1E7D3C00519B19 /* AppDelegate.swift */ = {isa = PBXFileReference; lastKnownFileType = sourcecode.swift; path = AppDelegate.swift; sourceTree = "<group>"; };
		4FDD4EB22A1E7D3C00519B19 /* SceneDelegate.swift */ = {isa = PBXFileReference; lastKnownFileType = sourcecode.swift; path = SceneDelegate.swift; sourceTree = "<group>"; };
		4FDD4EB72A1E7D3C00519B19 /* Base */ = {isa = PBXFileReference; lastKnownFileType = file.storyboard; name = Base; path = Base.lproj/Main.storyboard; sourceTree = "<group>"; };
		4FDD4EB92A1E7D3E00519B19 /* Assets.xcassets */ = {isa = PBXFileReference; lastKnownFileType = folder.assetcatalog; path = Assets.xcassets; sourceTree = "<group>"; };
		4FDD4EBC2A1E7D3E00519B19 /* Base */ = {isa = PBXFileReference; lastKnownFileType = file.storyboard; name = Base; path = Base.lproj/LaunchScreen.storyboard; sourceTree = "<group>"; };
		4FDD4EBE2A1E7D3E00519B19 /* Info.plist */ = {isa = PBXFileReference; lastKnownFileType = text.plist.xml; path = Info.plist; sourceTree = "<group>"; };
		4FDD4EC32A1E7D3E00519B19 /* TwitterCloneTests.xctest */ = {isa = PBXFileReference; explicitFileType = wrapper.cfbundle; includeInIndex = 0; path = TwitterCloneTests.xctest; sourceTree = BUILT_PRODUCTS_DIR; };
		4FDD4EC72A1E7D3E00519B19 /* TwitterCloneTests.swift */ = {isa = PBXFileReference; lastKnownFileType = sourcecode.swift; path = TwitterCloneTests.swift; sourceTree = "<group>"; };
		4FDD4ECD2A1E7D3E00519B19 /* TwitterCloneUITests.xctest */ = {isa = PBXFileReference; explicitFileType = wrapper.cfbundle; includeInIndex = 0; path = TwitterCloneUITests.xctest; sourceTree = BUILT_PRODUCTS_DIR; };
		4FDD4ED12A1E7D3E00519B19 /* TwitterCloneUITests.swift */ = {isa = PBXFileReference; lastKnownFileType = sourcecode.swift; path = TwitterCloneUITests.swift; sourceTree = "<group>"; };
		4FDD4ED32A1E7D3E00519B19 /* TwitterCloneUITestsLaunchTests.swift */ = {isa = PBXFileReference; lastKnownFileType = sourcecode.swift; path = TwitterCloneUITestsLaunchTests.swift; sourceTree = "<group>"; };
		4FDD4EE82A1E7E7600519B19 /* MainTabController.swift */ = {isa = PBXFileReference; lastKnownFileType = sourcecode.swift; path = MainTabController.swift; sourceTree = "<group>"; };
		4FDD4EEA2A1E7FB900519B19 /* FeedController.swift */ = {isa = PBXFileReference; lastKnownFileType = sourcecode.swift; path = FeedController.swift; sourceTree = "<group>"; };
		4FDD4EEC2A1E7FC600519B19 /* ExploreController.swift */ = {isa = PBXFileReference; lastKnownFileType = sourcecode.swift; path = ExploreController.swift; sourceTree = "<group>"; };
		4FDD4EEE2A1E7FD700519B19 /* NotificationsController.swift */ = {isa = PBXFileReference; lastKnownFileType = sourcecode.swift; path = NotificationsController.swift; sourceTree = "<group>"; };
		4FDD4EF02A1E7FE000519B19 /* ConversationsController.swift */ = {isa = PBXFileReference; lastKnownFileType = sourcecode.swift; path = ConversationsController.swift; sourceTree = "<group>"; };
		4FDD4EF22A1F240D00519B19 /* Extensions.swift */ = {isa = PBXFileReference; lastKnownFileType = sourcecode.swift; path = Extensions.swift; sourceTree = "<group>"; };
		4FDD4EF52A1F2AE700519B19 /* LoginController.swift */ = {isa = PBXFileReference; lastKnownFileType = sourcecode.swift; path = LoginController.swift; sourceTree = "<group>"; };
		4FDD4EF72A1F2B7A00519B19 /* RegistrationController.swift */ = {isa = PBXFileReference; lastKnownFileType = sourcecode.swift; path = RegistrationController.swift; sourceTree = "<group>"; };
		4FFC8AE62A38579800C0C5B4 /* GoogleService-Info.plist */ = {isa = PBXFileReference; lastKnownFileType = text.plist; path = "GoogleService-Info.plist"; sourceTree = SOURCE_ROOT; };
		A6C1DBEB97FC3F355B91272D /* Pods_TwitterClone.framework */ = {isa = PBXFileReference; explicitFileType = wrapper.framework; includeInIndex = 0; path = Pods_TwitterClone.framework; sourceTree = BUILT_PRODUCTS_DIR; };
		F1046F38F8D65FB79F17410C /* Pods-TwitterClone.release.xcconfig */ = {isa = PBXFileReference; includeInIndex = 1; lastKnownFileType = text.xcconfig; name = "Pods-TwitterClone.release.xcconfig"; path = "Target Support Files/Pods-TwitterClone/Pods-TwitterClone.release.xcconfig"; sourceTree = "<group>"; };
		F238FD49A60B93CF8784B422 /* Pods-TwitterClone.debug.xcconfig */ = {isa = PBXFileReference; includeInIndex = 1; lastKnownFileType = text.xcconfig; name = "Pods-TwitterClone.debug.xcconfig"; path = "Target Support Files/Pods-TwitterClone/Pods-TwitterClone.debug.xcconfig"; sourceTree = "<group>"; };
/* End PBXFileReference section */

/* Begin PBXFrameworksBuildPhase section */
		4FDD4EAA2A1E7D3C00519B19 /* Frameworks */ = {
			isa = PBXFrameworksBuildPhase;
			buildActionMask = 2147483647;
			files = (
				11CB9556AE24A5D7E7710478 /* Pods_TwitterClone.framework in Frameworks */,
			);
			runOnlyForDeploymentPostprocessing = 0;
		};
		4FDD4EC02A1E7D3E00519B19 /* Frameworks */ = {
			isa = PBXFrameworksBuildPhase;
			buildActionMask = 2147483647;
			files = (
			);
			runOnlyForDeploymentPostprocessing = 0;
		};
		4FDD4ECA2A1E7D3E00519B19 /* Frameworks */ = {
			isa = PBXFrameworksBuildPhase;
			buildActionMask = 2147483647;
			files = (
			);
			runOnlyForDeploymentPostprocessing = 0;
		};
/* End PBXFrameworksBuildPhase section */

/* Begin PBXGroup section */
		4FDD4EA42A1E7D3C00519B19 = {
			isa = PBXGroup;
			children = (
				4FDD4EAF2A1E7D3C00519B19 /* TwitterClone */,
				4FDD4EC62A1E7D3E00519B19 /* TwitterCloneTests */,
				4FDD4ED02A1E7D3E00519B19 /* TwitterCloneUITests */,
				4FDD4EAE2A1E7D3C00519B19 /* Products */,
				EC8C1720C62A169A7C3FB06A /* Pods */,
				7E4755A94E655C13D4A68288 /* Frameworks */,
			);
			sourceTree = "<group>";
		};
		4FDD4EAE2A1E7D3C00519B19 /* Products */ = {
			isa = PBXGroup;
			children = (
				4FDD4EAD2A1E7D3C00519B19 /* TwitterClone.app */,
				4FDD4EC32A1E7D3E00519B19 /* TwitterCloneTests.xctest */,
				4FDD4ECD2A1E7D3E00519B19 /* TwitterCloneUITests.xctest */,
			);
			name = Products;
			sourceTree = "<group>";
		};
		4FDD4EAF2A1E7D3C00519B19 /* TwitterClone */ = {
			isa = PBXGroup;
			children = (
				4FDD4EE72A1E7E3500519B19 /* Controller */,
				4FDD4EE62A1E7DCC00519B19 /* Utils */,
				4FDD4EE52A1E7DB700519B19 /* Model */,
				4FDD4EE42A1E7DB500519B19 /* View */,
				4FDD4EE32A1E7DB300519B19 /* ViewModel */,
				4FDD4EE02A1E7DA300519B19 /* API */,
				4FDD4EB02A1E7D3C00519B19 /* AppDelegate.swift */,
				4FDD4EB22A1E7D3C00519B19 /* SceneDelegate.swift */,
				4FDD4EB62A1E7D3C00519B19 /* Main.storyboard */,
				4FDD4EB92A1E7D3E00519B19 /* Assets.xcassets */,
				4FDD4EBB2A1E7D3E00519B19 /* LaunchScreen.storyboard */,
				4FDD4EBE2A1E7D3E00519B19 /* Info.plist */,
				4FFC8AE62A38579800C0C5B4 /* GoogleService-Info.plist */,
			);
			path = TwitterClone;
			sourceTree = "<group>";
		};
		4FDD4EC62A1E7D3E00519B19 /* TwitterCloneTests */ = {
			isa = PBXGroup;
			children = (
				4FDD4EC72A1E7D3E00519B19 /* TwitterCloneTests.swift */,
			);
			path = TwitterCloneTests;
			sourceTree = "<group>";
		};
		4FDD4ED02A1E7D3E00519B19 /* TwitterCloneUITests */ = {
			isa = PBXGroup;
			children = (
				4FDD4ED12A1E7D3E00519B19 /* TwitterCloneUITests.swift */,
				4FDD4ED32A1E7D3E00519B19 /* TwitterCloneUITestsLaunchTests.swift */,
			);
			path = TwitterCloneUITests;
			sourceTree = "<group>";
		};
		4FDD4EE02A1E7DA300519B19 /* API */ = {
			isa = PBXGroup;
			children = (
				4FBE92682A56793200C19F08 /* AuthService.swift */,
				4FBE926A2A56B26900C19F08 /* UserService.swift */,
				4F8382752A5985E3002C10EA /* TweetService.swift */,
			);
			path = API;
			sourceTree = "<group>";
		};
		4FDD4EE32A1E7DB300519B19 /* ViewModel */ = {
			isa = PBXGroup;
			children = (
				4F83827B2A610CCF002C10EA /* TweetViewModel.swift */,
			);
			path = ViewModel;
			sourceTree = "<group>";
		};
		4FDD4EE42A1E7DB500519B19 /* View */ = {
			isa = PBXGroup;
			children = (
				4F8382732A5974EC002C10EA /* CaptionTextView.swift */,
				4F8382792A5CD41A002C10EA /* TweetCell.swift */,
				4F83827F2A612D16002C10EA /* ProfileHeader.swift */,
			);
			path = View;
			sourceTree = "<group>";
		};
		4FDD4EE52A1E7DB700519B19 /* Model */ = {
			isa = PBXGroup;
			children = (
				4FBE926C2A580B9400C19F08 /* User.swift */,
				4F8382772A5CC6C4002C10EA /* Tweet.swift */,
			);
			path = Model;
			sourceTree = "<group>";
		};
		4FDD4EE62A1E7DCC00519B19 /* Utils */ = {
			isa = PBXGroup;
			children = (
				4FDD4EF22A1F240D00519B19 /* Extensions.swift */,
				4F94EC1C2A20FD7A00E9DED0 /* Utilities.swift */,
				4FBE92662A564F5700C19F08 /* Constants.swift */,
			);
			path = Utils;
			sourceTree = "<group>";
		};
		4FDD4EE72A1E7E3500519B19 /* Controller */ = {
			isa = PBXGroup;
			children = (
				4FDD4EF42A1F2AD800519B19 /* Authentication */,
				4FDD4EE82A1E7E7600519B19 /* MainTabController.swift */,
				4FDD4EEA2A1E7FB900519B19 /* FeedController.swift */,
				4FDD4EEC2A1E7FC600519B19 /* ExploreController.swift */,
				4FDD4EEE2A1E7FD700519B19 /* NotificationsController.swift */,
				4FDD4EF02A1E7FE000519B19 /* ConversationsController.swift */,
				4F8382712A5966B9002C10EA /* UploadTweetController.swift */,
				4F83827D2A6123B3002C10EA /* ProfileController.swift */,
			);
			path = Controller;
			sourceTree = "<group>";
		};
		4FDD4EF42A1F2AD800519B19 /* Authentication */ = {
			isa = PBXGroup;
			children = (
				4FDD4EF52A1F2AE700519B19 /* LoginController.swift */,
				4FDD4EF72A1F2B7A00519B19 /* RegistrationController.swift */,
			);
			path = Authentication;
			sourceTree = "<group>";
		};
		7E4755A94E655C13D4A68288 /* Frameworks */ = {
			isa = PBXGroup;
			children = (
				A6C1DBEB97FC3F355B91272D /* Pods_TwitterClone.framework */,
			);
			name = Frameworks;
			sourceTree = "<group>";
		};
		EC8C1720C62A169A7C3FB06A /* Pods */ = {
			isa = PBXGroup;
			children = (
				F238FD49A60B93CF8784B422 /* Pods-TwitterClone.debug.xcconfig */,
				F1046F38F8D65FB79F17410C /* Pods-TwitterClone.release.xcconfig */,
			);
			path = Pods;
			sourceTree = "<group>";
		};
/* End PBXGroup section */

/* Begin PBXNativeTarget section */
		4FDD4EAC2A1E7D3C00519B19 /* TwitterClone */ = {
			isa = PBXNativeTarget;
			buildConfigurationList = 4FDD4ED72A1E7D3E00519B19 /* Build configuration list for PBXNativeTarget "TwitterClone" */;
			buildPhases = (
				C25F5C3EDB3077D9D7F69BD4 /* [CP] Check Pods Manifest.lock */,
				4FDD4EA92A1E7D3C00519B19 /* Sources */,
				4FDD4EAA2A1E7D3C00519B19 /* Frameworks */,
				4FDD4EAB2A1E7D3C00519B19 /* Resources */,
				20E1BABEA83167690F629D05 /* [CP] Embed Pods Frameworks */,
			);
			buildRules = (
			);
			dependencies = (
			);
			name = TwitterClone;
			productName = TwitterClone;
			productReference = 4FDD4EAD2A1E7D3C00519B19 /* TwitterClone.app */;
			productType = "com.apple.product-type.application";
		};
		4FDD4EC22A1E7D3E00519B19 /* TwitterCloneTests */ = {
			isa = PBXNativeTarget;
			buildConfigurationList = 4FDD4EDA2A1E7D3E00519B19 /* Build configuration list for PBXNativeTarget "TwitterCloneTests" */;
			buildPhases = (
				4FDD4EBF2A1E7D3E00519B19 /* Sources */,
				4FDD4EC02A1E7D3E00519B19 /* Frameworks */,
				4FDD4EC12A1E7D3E00519B19 /* Resources */,
			);
			buildRules = (
			);
			dependencies = (
				4FDD4EC52A1E7D3E00519B19 /* PBXTargetDependency */,
			);
			name = TwitterCloneTests;
			productName = TwitterCloneTests;
			productReference = 4FDD4EC32A1E7D3E00519B19 /* TwitterCloneTests.xctest */;
			productType = "com.apple.product-type.bundle.unit-test";
		};
		4FDD4ECC2A1E7D3E00519B19 /* TwitterCloneUITests */ = {
			isa = PBXNativeTarget;
			buildConfigurationList = 4FDD4EDD2A1E7D3E00519B19 /* Build configuration list for PBXNativeTarget "TwitterCloneUITests" */;
			buildPhases = (
				4FDD4EC92A1E7D3E00519B19 /* Sources */,
				4FDD4ECA2A1E7D3E00519B19 /* Frameworks */,
				4FDD4ECB2A1E7D3E00519B19 /* Resources */,
			);
			buildRules = (
			);
			dependencies = (
				4FDD4ECF2A1E7D3E00519B19 /* PBXTargetDependency */,
			);
			name = TwitterCloneUITests;
			productName = TwitterCloneUITests;
			productReference = 4FDD4ECD2A1E7D3E00519B19 /* TwitterCloneUITests.xctest */;
			productType = "com.apple.product-type.bundle.ui-testing";
		};
/* End PBXNativeTarget section */

/* Begin PBXProject section */
		4FDD4EA52A1E7D3C00519B19 /* Project object */ = {
			isa = PBXProject;
			attributes = {
				BuildIndependentTargetsInParallel = 1;
				LastSwiftUpdateCheck = 1420;
				LastUpgradeCheck = 1420;
				TargetAttributes = {
					4FDD4EAC2A1E7D3C00519B19 = {
						CreatedOnToolsVersion = 14.2;
					};
					4FDD4EC22A1E7D3E00519B19 = {
						CreatedOnToolsVersion = 14.2;
						TestTargetID = 4FDD4EAC2A1E7D3C00519B19;
					};
					4FDD4ECC2A1E7D3E00519B19 = {
						CreatedOnToolsVersion = 14.2;
						TestTargetID = 4FDD4EAC2A1E7D3C00519B19;
					};
				};
			};
			buildConfigurationList = 4FDD4EA82A1E7D3C00519B19 /* Build configuration list for PBXProject "TwitterClone" */;
			compatibilityVersion = "Xcode 14.0";
			developmentRegion = en;
			hasScannedForEncodings = 0;
			knownRegions = (
				en,
				Base,
			);
			mainGroup = 4FDD4EA42A1E7D3C00519B19;
			productRefGroup = 4FDD4EAE2A1E7D3C00519B19 /* Products */;
			projectDirPath = "";
			projectRoot = "";
			targets = (
				4FDD4EAC2A1E7D3C00519B19 /* TwitterClone */,
				4FDD4EC22A1E7D3E00519B19 /* TwitterCloneTests */,
				4FDD4ECC2A1E7D3E00519B19 /* TwitterCloneUITests */,
			);
		};
/* End PBXProject section */

/* Begin PBXResourcesBuildPhase section */
		4FDD4EAB2A1E7D3C00519B19 /* Resources */ = {
			isa = PBXResourcesBuildPhase;
			buildActionMask = 2147483647;
			files = (
				4FDD4EBD2A1E7D3E00519B19 /* LaunchScreen.storyboard in Resources */,
				4FFC8AE72A38579800C0C5B4 /* GoogleService-Info.plist in Resources */,
				4FDD4EBA2A1E7D3E00519B19 /* Assets.xcassets in Resources */,
				4FDD4EB82A1E7D3C00519B19 /* Main.storyboard in Resources */,
			);
			runOnlyForDeploymentPostprocessing = 0;
		};
		4FDD4EC12A1E7D3E00519B19 /* Resources */ = {
			isa = PBXResourcesBuildPhase;
			buildActionMask = 2147483647;
			files = (
			);
			runOnlyForDeploymentPostprocessing = 0;
		};
		4FDD4ECB2A1E7D3E00519B19 /* Resources */ = {
			isa = PBXResourcesBuildPhase;
			buildActionMask = 2147483647;
			files = (
			);
			runOnlyForDeploymentPostprocessing = 0;
		};
/* End PBXResourcesBuildPhase section */

/* Begin PBXShellScriptBuildPhase section */
		20E1BABEA83167690F629D05 /* [CP] Embed Pods Frameworks */ = {
			isa = PBXShellScriptBuildPhase;
			buildActionMask = 2147483647;
			files = (
			);
			inputFileListPaths = (
				"${PODS_ROOT}/Target Support Files/Pods-TwitterClone/Pods-TwitterClone-frameworks-${CONFIGURATION}-input-files.xcfilelist",
			);
			name = "[CP] Embed Pods Frameworks";
			outputFileListPaths = (
				"${PODS_ROOT}/Target Support Files/Pods-TwitterClone/Pods-TwitterClone-frameworks-${CONFIGURATION}-output-files.xcfilelist",
			);
			runOnlyForDeploymentPostprocessing = 0;
			shellPath = /bin/sh;
			shellScript = "\"${PODS_ROOT}/Target Support Files/Pods-TwitterClone/Pods-TwitterClone-frameworks.sh\"\n";
			showEnvVarsInLog = 0;
		};
		C25F5C3EDB3077D9D7F69BD4 /* [CP] Check Pods Manifest.lock */ = {
			isa = PBXShellScriptBuildPhase;
			buildActionMask = 2147483647;
			files = (
			);
			inputFileListPaths = (
			);
			inputPaths = (
				"${PODS_PODFILE_DIR_PATH}/Podfile.lock",
				"${PODS_ROOT}/Manifest.lock",
			);
			name = "[CP] Check Pods Manifest.lock";
			outputFileListPaths = (
			);
			outputPaths = (
				"$(DERIVED_FILE_DIR)/Pods-TwitterClone-checkManifestLockResult.txt",
			);
			runOnlyForDeploymentPostprocessing = 0;
			shellPath = /bin/sh;
			shellScript = "diff \"${PODS_PODFILE_DIR_PATH}/Podfile.lock\" \"${PODS_ROOT}/Manifest.lock\" > /dev/null\nif [ $? != 0 ] ; then\n    # print error to STDERR\n    echo \"error: The sandbox is not in sync with the Podfile.lock. Run 'pod install' or update your CocoaPods installation.\" >&2\n    exit 1\nfi\n# This output is used by Xcode 'outputs' to avoid re-running this script phase.\necho \"SUCCESS\" > \"${SCRIPT_OUTPUT_FILE_0}\"\n";
			showEnvVarsInLog = 0;
		};
/* End PBXShellScriptBuildPhase section */

/* Begin PBXSourcesBuildPhase section */
		4FDD4EA92A1E7D3C00519B19 /* Sources */ = {
			isa = PBXSourcesBuildPhase;
			buildActionMask = 2147483647;
			files = (
				4FBE926B2A56B26900C19F08 /* UserService.swift in Sources */,
				4FDD4EEF2A1E7FD700519B19 /* NotificationsController.swift in Sources */,
				4F8382742A5974EC002C10EA /* CaptionTextView.swift in Sources */,
				4FDD4EF12A1E7FE000519B19 /* ConversationsController.swift in Sources */,
				4F94EC1D2A20FD7A00E9DED0 /* Utilities.swift in Sources */,
				4FDD4EB12A1E7D3C00519B19 /* AppDelegate.swift in Sources */,
				4FDD4EF32A1F240D00519B19 /* Extensions.swift in Sources */,
				4F83827E2A6123B3002C10EA /* ProfileController.swift in Sources */,
				4F8382802A612D16002C10EA /* ProfileHeader.swift in Sources */,
				4F83827A2A5CD41A002C10EA /* TweetCell.swift in Sources */,
				4FDD4EF62A1F2AE700519B19 /* LoginController.swift in Sources */,
				4FBE92692A56793200C19F08 /* AuthService.swift in Sources */,
				4F8382722A5966B9002C10EA /* UploadTweetController.swift in Sources */,
				4FBE926D2A580B9400C19F08 /* User.swift in Sources */,
				4FDD4EED2A1E7FC600519B19 /* ExploreController.swift in Sources */,
				4FDD4EB32A1E7D3C00519B19 /* SceneDelegate.swift in Sources */,
				4FDD4EE92A1E7E7600519B19 /* MainTabController.swift in Sources */,
				4F83827C2A610CCF002C10EA /* TweetViewModel.swift in Sources */,
				4FDD4EF82A1F2B7A00519B19 /* RegistrationController.swift in Sources */,
				4FDD4EEB2A1E7FB900519B19 /* FeedController.swift in Sources */,
				4FBE92672A564F5700C19F08 /* Constants.swift in Sources */,
				4F8382782A5CC6C4002C10EA /* Tweet.swift in Sources */,
				4F8382762A5985E3002C10EA /* TweetService.swift in Sources */,
			);
			runOnlyForDeploymentPostprocessing = 0;
		};
		4FDD4EBF2A1E7D3E00519B19 /* Sources */ = {
			isa = PBXSourcesBuildPhase;
			buildActionMask = 2147483647;
			files = (
				4FDD4EC82A1E7D3E00519B19 /* TwitterCloneTests.swift in Sources */,
			);
			runOnlyForDeploymentPostprocessing = 0;
		};
		4FDD4EC92A1E7D3E00519B19 /* Sources */ = {
			isa = PBXSourcesBuildPhase;
			buildActionMask = 2147483647;
			files = (
				4FDD4ED42A1E7D3E00519B19 /* TwitterCloneUITestsLaunchTests.swift in Sources */,
				4FDD4ED22A1E7D3E00519B19 /* TwitterCloneUITests.swift in Sources */,
			);
			runOnlyForDeploymentPostprocessing = 0;
		};
/* End PBXSourcesBuildPhase section */

/* Begin PBXTargetDependency section */
		4FDD4EC52A1E7D3E00519B19 /* PBXTargetDependency */ = {
			isa = PBXTargetDependency;
			target = 4FDD4EAC2A1E7D3C00519B19 /* TwitterClone */;
			targetProxy = 4FDD4EC42A1E7D3E00519B19 /* PBXContainerItemProxy */;
		};
		4FDD4ECF2A1E7D3E00519B19 /* PBXTargetDependency */ = {
			isa = PBXTargetDependency;
			target = 4FDD4EAC2A1E7D3C00519B19 /* TwitterClone */;
			targetProxy = 4FDD4ECE2A1E7D3E00519B19 /* PBXContainerItemProxy */;
		};
/* End PBXTargetDependency section */

/* Begin PBXVariantGroup section */
		4FDD4EB62A1E7D3C00519B19 /* Main.storyboard */ = {
			isa = PBXVariantGroup;
			children = (
				4FDD4EB72A1E7D3C00519B19 /* Base */,
			);
			name = Main.storyboard;
			sourceTree = "<group>";
		};
		4FDD4EBB2A1E7D3E00519B19 /* LaunchScreen.storyboard */ = {
			isa = PBXVariantGroup;
			children = (
				4FDD4EBC2A1E7D3E00519B19 /* Base */,
			);
			name = LaunchScreen.storyboard;
			sourceTree = "<group>";
		};
/* End PBXVariantGroup section */

/* Begin XCBuildConfiguration section */
		4FDD4ED52A1E7D3E00519B19 /* Debug */ = {
			isa = XCBuildConfiguration;
			buildSettings = {
				ALWAYS_SEARCH_USER_PATHS = NO;
				CLANG_ANALYZER_NONNULL = YES;
				CLANG_ANALYZER_NUMBER_OBJECT_CONVERSION = YES_AGGRESSIVE;
				CLANG_CXX_LANGUAGE_STANDARD = "gnu++20";
				CLANG_ENABLE_MODULES = YES;
				CLANG_ENABLE_OBJC_ARC = YES;
				CLANG_ENABLE_OBJC_WEAK = YES;
				CLANG_WARN_BLOCK_CAPTURE_AUTORELEASING = YES;
				CLANG_WARN_BOOL_CONVERSION = YES;
				CLANG_WARN_COMMA = YES;
				CLANG_WARN_CONSTANT_CONVERSION = YES;
				CLANG_WARN_DEPRECATED_OBJC_IMPLEMENTATIONS = YES;
				CLANG_WARN_DIRECT_OBJC_ISA_USAGE = YES_ERROR;
				CLANG_WARN_DOCUMENTATION_COMMENTS = YES;
				CLANG_WARN_EMPTY_BODY = YES;
				CLANG_WARN_ENUM_CONVERSION = YES;
				CLANG_WARN_INFINITE_RECURSION = YES;
				CLANG_WARN_INT_CONVERSION = YES;
				CLANG_WARN_NON_LITERAL_NULL_CONVERSION = YES;
				CLANG_WARN_OBJC_IMPLICIT_RETAIN_SELF = YES;
				CLANG_WARN_OBJC_LITERAL_CONVERSION = YES;
				CLANG_WARN_OBJC_ROOT_CLASS = YES_ERROR;
				CLANG_WARN_QUOTED_INCLUDE_IN_FRAMEWORK_HEADER = YES;
				CLANG_WARN_RANGE_LOOP_ANALYSIS = YES;
				CLANG_WARN_STRICT_PROTOTYPES = YES;
				CLANG_WARN_SUSPICIOUS_MOVE = YES;
				CLANG_WARN_UNGUARDED_AVAILABILITY = YES_AGGRESSIVE;
				CLANG_WARN_UNREACHABLE_CODE = YES;
				CLANG_WARN__DUPLICATE_METHOD_MATCH = YES;
				COPY_PHASE_STRIP = NO;
				DEBUG_INFORMATION_FORMAT = dwarf;
				ENABLE_STRICT_OBJC_MSGSEND = YES;
				ENABLE_TESTABILITY = YES;
				GCC_C_LANGUAGE_STANDARD = gnu11;
				GCC_DYNAMIC_NO_PIC = NO;
				GCC_NO_COMMON_BLOCKS = YES;
				GCC_OPTIMIZATION_LEVEL = 0;
				GCC_PREPROCESSOR_DEFINITIONS = (
					"DEBUG=1",
					"$(inherited)",
				);
				GCC_WARN_64_TO_32_BIT_CONVERSION = YES;
				GCC_WARN_ABOUT_RETURN_TYPE = YES_ERROR;
				GCC_WARN_UNDECLARED_SELECTOR = YES;
				GCC_WARN_UNINITIALIZED_AUTOS = YES_AGGRESSIVE;
				GCC_WARN_UNUSED_FUNCTION = YES;
				GCC_WARN_UNUSED_VARIABLE = YES;
				IPHONEOS_DEPLOYMENT_TARGET = 16.2;
				MTL_ENABLE_DEBUG_INFO = INCLUDE_SOURCE;
				MTL_FAST_MATH = YES;
				ONLY_ACTIVE_ARCH = YES;
				SDKROOT = iphoneos;
				SWIFT_ACTIVE_COMPILATION_CONDITIONS = DEBUG;
				SWIFT_OPTIMIZATION_LEVEL = "-Onone";
			};
			name = Debug;
		};
		4FDD4ED62A1E7D3E00519B19 /* Release */ = {
			isa = XCBuildConfiguration;
			buildSettings = {
				ALWAYS_SEARCH_USER_PATHS = NO;
				CLANG_ANALYZER_NONNULL = YES;
				CLANG_ANALYZER_NUMBER_OBJECT_CONVERSION = YES_AGGRESSIVE;
				CLANG_CXX_LANGUAGE_STANDARD = "gnu++20";
				CLANG_ENABLE_MODULES = YES;
				CLANG_ENABLE_OBJC_ARC = YES;
				CLANG_ENABLE_OBJC_WEAK = YES;
				CLANG_WARN_BLOCK_CAPTURE_AUTORELEASING = YES;
				CLANG_WARN_BOOL_CONVERSION = YES;
				CLANG_WARN_COMMA = YES;
				CLANG_WARN_CONSTANT_CONVERSION = YES;
				CLANG_WARN_DEPRECATED_OBJC_IMPLEMENTATIONS = YES;
				CLANG_WARN_DIRECT_OBJC_ISA_USAGE = YES_ERROR;
				CLANG_WARN_DOCUMENTATION_COMMENTS = YES;
				CLANG_WARN_EMPTY_BODY = YES;
				CLANG_WARN_ENUM_CONVERSION = YES;
				CLANG_WARN_INFINITE_RECURSION = YES;
				CLANG_WARN_INT_CONVERSION = YES;
				CLANG_WARN_NON_LITERAL_NULL_CONVERSION = YES;
				CLANG_WARN_OBJC_IMPLICIT_RETAIN_SELF = YES;
				CLANG_WARN_OBJC_LITERAL_CONVERSION = YES;
				CLANG_WARN_OBJC_ROOT_CLASS = YES_ERROR;
				CLANG_WARN_QUOTED_INCLUDE_IN_FRAMEWORK_HEADER = YES;
				CLANG_WARN_RANGE_LOOP_ANALYSIS = YES;
				CLANG_WARN_STRICT_PROTOTYPES = YES;
				CLANG_WARN_SUSPICIOUS_MOVE = YES;
				CLANG_WARN_UNGUARDED_AVAILABILITY = YES_AGGRESSIVE;
				CLANG_WARN_UNREACHABLE_CODE = YES;
				CLANG_WARN__DUPLICATE_METHOD_MATCH = YES;
				COPY_PHASE_STRIP = NO;
				DEBUG_INFORMATION_FORMAT = "dwarf-with-dsym";
				ENABLE_NS_ASSERTIONS = NO;
				ENABLE_STRICT_OBJC_MSGSEND = YES;
				GCC_C_LANGUAGE_STANDARD = gnu11;
				GCC_NO_COMMON_BLOCKS = YES;
				GCC_WARN_64_TO_32_BIT_CONVERSION = YES;
				GCC_WARN_ABOUT_RETURN_TYPE = YES_ERROR;
				GCC_WARN_UNDECLARED_SELECTOR = YES;
				GCC_WARN_UNINITIALIZED_AUTOS = YES_AGGRESSIVE;
				GCC_WARN_UNUSED_FUNCTION = YES;
				GCC_WARN_UNUSED_VARIABLE = YES;
				IPHONEOS_DEPLOYMENT_TARGET = 16.2;
				MTL_ENABLE_DEBUG_INFO = NO;
				MTL_FAST_MATH = YES;
				SDKROOT = iphoneos;
				SWIFT_COMPILATION_MODE = wholemodule;
				SWIFT_OPTIMIZATION_LEVEL = "-O";
				VALIDATE_PRODUCT = YES;
			};
			name = Release;
		};
		4FDD4ED82A1E7D3E00519B19 /* Debug */ = {
			isa = XCBuildConfiguration;
			baseConfigurationReference = F238FD49A60B93CF8784B422 /* Pods-TwitterClone.debug.xcconfig */;
			buildSettings = {
				ASSETCATALOG_COMPILER_APPICON_NAME = AppIcon;
				ASSETCATALOG_COMPILER_GLOBAL_ACCENT_COLOR_NAME = AccentColor;
				CODE_SIGN_STYLE = Automatic;
				CURRENT_PROJECT_VERSION = 1;
				DEVELOPMENT_TEAM = X29JZB37SA;
				GENERATE_INFOPLIST_FILE = YES;
				INFOPLIST_FILE = TwitterClone/Info.plist;
				INFOPLIST_KEY_UIApplicationSupportsIndirectInputEvents = YES;
				INFOPLIST_KEY_UILaunchStoryboardName = LaunchScreen;
				INFOPLIST_KEY_UIMainStoryboardFile = Main;
				INFOPLIST_KEY_UISupportedInterfaceOrientations_iPad = "UIInterfaceOrientationPortrait UIInterfaceOrientationPortraitUpsideDown UIInterfaceOrientationLandscapeLeft UIInterfaceOrientationLandscapeRight";
				INFOPLIST_KEY_UISupportedInterfaceOrientations_iPhone = "UIInterfaceOrientationPortrait UIInterfaceOrientationLandscapeLeft UIInterfaceOrientationLandscapeRight";
				LD_RUNPATH_SEARCH_PATHS = (
					"$(inherited)",
					"@executable_path/Frameworks",
				);
				MARKETING_VERSION = 1.0;
				PRODUCT_BUNDLE_IDENTIFIER = hh.TwitterClone;
				PRODUCT_NAME = "$(TARGET_NAME)";
				SWIFT_EMIT_LOC_STRINGS = YES;
				SWIFT_VERSION = 5.0;
				TARGETED_DEVICE_FAMILY = "1,2";
			};
			name = Debug;
		};
		4FDD4ED92A1E7D3E00519B19 /* Release */ = {
			isa = XCBuildConfiguration;
			baseConfigurationReference = F1046F38F8D65FB79F17410C /* Pods-TwitterClone.release.xcconfig */;
			buildSettings = {
				ASSETCATALOG_COMPILER_APPICON_NAME = AppIcon;
				ASSETCATALOG_COMPILER_GLOBAL_ACCENT_COLOR_NAME = AccentColor;
				CODE_SIGN_STYLE = Automatic;
				CURRENT_PROJECT_VERSION = 1;
				DEVELOPMENT_TEAM = X29JZB37SA;
				GENERATE_INFOPLIST_FILE = YES;
				INFOPLIST_FILE = TwitterClone/Info.plist;
				INFOPLIST_KEY_UIApplicationSupportsIndirectInputEvents = YES;
				INFOPLIST_KEY_UILaunchStoryboardName = LaunchScreen;
				INFOPLIST_KEY_UIMainStoryboardFile = Main;
				INFOPLIST_KEY_UISupportedInterfaceOrientations_iPad = "UIInterfaceOrientationPortrait UIInterfaceOrientationPortraitUpsideDown UIInterfaceOrientationLandscapeLeft UIInterfaceOrientationLandscapeRight";
				INFOPLIST_KEY_UISupportedInterfaceOrientations_iPhone = "UIInterfaceOrientationPortrait UIInterfaceOrientationLandscapeLeft UIInterfaceOrientationLandscapeRight";
				LD_RUNPATH_SEARCH_PATHS = (
					"$(inherited)",
					"@executable_path/Frameworks",
				);
				MARKETING_VERSION = 1.0;
				PRODUCT_BUNDLE_IDENTIFIER = hh.TwitterClone;
				PRODUCT_NAME = "$(TARGET_NAME)";
				SWIFT_EMIT_LOC_STRINGS = YES;
				SWIFT_VERSION = 5.0;
				TARGETED_DEVICE_FAMILY = "1,2";
			};
			name = Release;
		};
		4FDD4EDB2A1E7D3E00519B19 /* Debug */ = {
			isa = XCBuildConfiguration;
			buildSettings = {
				ALWAYS_EMBED_SWIFT_STANDARD_LIBRARIES = YES;
				BUNDLE_LOADER = "$(TEST_HOST)";
				CODE_SIGN_STYLE = Automatic;
				CURRENT_PROJECT_VERSION = 1;
				DEVELOPMENT_TEAM = X29JZB37SA;
				GENERATE_INFOPLIST_FILE = YES;
				IPHONEOS_DEPLOYMENT_TARGET = 16.2;
				MARKETING_VERSION = 1.0;
				PRODUCT_BUNDLE_IDENTIFIER = hh.TwitterCloneTests;
				PRODUCT_NAME = "$(TARGET_NAME)";
				SWIFT_EMIT_LOC_STRINGS = NO;
				SWIFT_VERSION = 5.0;
				TARGETED_DEVICE_FAMILY = "1,2";
				TEST_HOST = "$(BUILT_PRODUCTS_DIR)/TwitterClone.app/$(BUNDLE_EXECUTABLE_FOLDER_PATH)/TwitterClone";
			};
			name = Debug;
		};
		4FDD4EDC2A1E7D3E00519B19 /* Release */ = {
			isa = XCBuildConfiguration;
			buildSettings = {
				ALWAYS_EMBED_SWIFT_STANDARD_LIBRARIES = YES;
				BUNDLE_LOADER = "$(TEST_HOST)";
				CODE_SIGN_STYLE = Automatic;
				CURRENT_PROJECT_VERSION = 1;
				DEVELOPMENT_TEAM = X29JZB37SA;
				GENERATE_INFOPLIST_FILE = YES;
				IPHONEOS_DEPLOYMENT_TARGET = 16.2;
				MARKETING_VERSION = 1.0;
				PRODUCT_BUNDLE_IDENTIFIER = hh.TwitterCloneTests;
				PRODUCT_NAME = "$(TARGET_NAME)";
				SWIFT_EMIT_LOC_STRINGS = NO;
				SWIFT_VERSION = 5.0;
				TARGETED_DEVICE_FAMILY = "1,2";
				TEST_HOST = "$(BUILT_PRODUCTS_DIR)/TwitterClone.app/$(BUNDLE_EXECUTABLE_FOLDER_PATH)/TwitterClone";
			};
			name = Release;
		};
		4FDD4EDE2A1E7D3E00519B19 /* Debug */ = {
			isa = XCBuildConfiguration;
			buildSettings = {
				ALWAYS_EMBED_SWIFT_STANDARD_LIBRARIES = YES;
				CODE_SIGN_STYLE = Automatic;
				CURRENT_PROJECT_VERSION = 1;
				DEVELOPMENT_TEAM = X29JZB37SA;
				GENERATE_INFOPLIST_FILE = YES;
				MARKETING_VERSION = 1.0;
				PRODUCT_BUNDLE_IDENTIFIER = hh.TwitterCloneUITests;
				PRODUCT_NAME = "$(TARGET_NAME)";
				SWIFT_EMIT_LOC_STRINGS = NO;
				SWIFT_VERSION = 5.0;
				TARGETED_DEVICE_FAMILY = "1,2";
				TEST_TARGET_NAME = TwitterClone;
			};
			name = Debug;
		};
		4FDD4EDF2A1E7D3E00519B19 /* Release */ = {
			isa = XCBuildConfiguration;
			buildSettings = {
				ALWAYS_EMBED_SWIFT_STANDARD_LIBRARIES = YES;
				CODE_SIGN_STYLE = Automatic;
				CURRENT_PROJECT_VERSION = 1;
				DEVELOPMENT_TEAM = X29JZB37SA;
				GENERATE_INFOPLIST_FILE = YES;
				MARKETING_VERSION = 1.0;
				PRODUCT_BUNDLE_IDENTIFIER = hh.TwitterCloneUITests;
				PRODUCT_NAME = "$(TARGET_NAME)";
				SWIFT_EMIT_LOC_STRINGS = NO;
				SWIFT_VERSION = 5.0;
				TARGETED_DEVICE_FAMILY = "1,2";
				TEST_TARGET_NAME = TwitterClone;
			};
			name = Release;
		};
/* End XCBuildConfiguration section */

/* Begin XCConfigurationList section */
		4FDD4EA82A1E7D3C00519B19 /* Build configuration list for PBXProject "TwitterClone" */ = {
			isa = XCConfigurationList;
			buildConfigurations = (
				4FDD4ED52A1E7D3E00519B19 /* Debug */,
				4FDD4ED62A1E7D3E00519B19 /* Release */,
			);
			defaultConfigurationIsVisible = 0;
			defaultConfigurationName = Release;
		};
		4FDD4ED72A1E7D3E00519B19 /* Build configuration list for PBXNativeTarget "TwitterClone" */ = {
			isa = XCConfigurationList;
			buildConfigurations = (
				4FDD4ED82A1E7D3E00519B19 /* Debug */,
				4FDD4ED92A1E7D3E00519B19 /* Release */,
			);
			defaultConfigurationIsVisible = 0;
			defaultConfigurationName = Release;
		};
		4FDD4EDA2A1E7D3E00519B19 /* Build configuration list for PBXNativeTarget "TwitterCloneTests" */ = {
			isa = XCConfigurationList;
			buildConfigurations = (
				4FDD4EDB2A1E7D3E00519B19 /* Debug */,
				4FDD4EDC2A1E7D3E00519B19 /* Release */,
			);
			defaultConfigurationIsVisible = 0;
			defaultConfigurationName = Release;
		};
		4FDD4EDD2A1E7D3E00519B19 /* Build configuration list for PBXNativeTarget "TwitterCloneUITests" */ = {
			isa = XCConfigurationList;
			buildConfigurations = (
				4FDD4EDE2A1E7D3E00519B19 /* Debug */,
				4FDD4EDF2A1E7D3E00519B19 /* Release */,
			);
			defaultConfigurationIsVisible = 0;
			defaultConfigurationName = Release;
		};
/* End XCConfigurationList section */
	};
	rootObject = 4FDD4EA52A1E7D3C00519B19 /* Project object */;
}
